{
  "lockfileVersion": 2,
  "configVersion": 1,
  "workspaces": {
    "": {
      "name": "yego-standalone",
      "dependencies": {
        "@tanstack/react-query": "^5.62.0",
        "drizzle-orm": "^0.38.0",
        "postgres": "^3.4.5",
        "react": "^19.0.0",
        "react-dom": "^19.0.0",
        "zod": "^3.24.1",
      },
      "devDependencies": {
        "@types/react": "^19.0.0",
        "@types/react-dom": "^19.0.0",
        "bun-plugin-tailwind": "^0.0.14",
        "bun-types": "^1.4.2",
        "tailwindcss": "^4.1.13",
        "tailwindcss-safe-area": "^1.3.0",
        "typescript": "^5.7.2",
      },
    },
  },
  "packages": {
    "@tanstack/query-core": ["@tanstack/query-core@5.104.0", "", {}, "sha512-JrC2r/JQlXt7khBSdUpsgxNvybzOg+aITa+ARRMlP2AFo93Y8vIqz077rp+e61mJetSZ0T6AJbwW1JHer1vrPQ=="],

    "@tanstack/react-query": ["@tanstack/react-query@5.104.0", "", { "dependencies": { "@tanstack/query-core": "5.104.0" }, "peerDependencies": { "react": "^18 || ^19" } }, "sha512-e1TZmDCQnWIfiDVryIHeA6Idj+Lfx1hORLOhXS/l5wcgvtVD4yYqbTDl378sGQKIi2cSgb0TEMC9cKK8GGoJEw=="],

    "@types/node": ["@types/node@26.6.3", "", { "dependencies": { "undici-types": "~8.9.0" } }, "sha512-dsqMQQoeTLqu9wynDD00q573mNzso3IdQOAfHRJqLCcmCFPoGo9A1bDpUcv/9tnKpErQWv9uKeGfl37EIS02Yg=="],

    "@types/react": ["@types/react@19.3.0", "", { "dependencies": { "csstype": "^3.2.2" } }, "sha512-N0rFCuH9YoxG9/m61l9MfpJKfmLOVU0em7ipIz6TRgSSkvReLB9vL85GB+yr8Bs5leqpvg96JSwF4ZS1s4viQg=="],

    "@types/react-dom": ["@types/react-dom@19.3.0", "", { "peerDependencies": { "@types/react": "^19.3.0" } }, "sha512-ZI7bU42mZXXKHn/qNLEw2IrbiINU7X5+vfgdixBHkCNpYWXjKgfQ/P+uyGb5CjOLB9UcnTeg3rylQtV2hym44Q=="],

    "bun-plugin-tailwind": ["bun-plugin-tailwind@0.0.14", "", { "dependencies": { "tailwindcss": "4.0.0-beta.9" }, "peerDependencies": { "typescript": "^5.0.0" } }, "sha512-Ge8M8DQsRDErCzH/uI8pYjx5vZWXxQvnwM/xMQMElxQqHieGbAopfYo/q/kllkPkRbFHiwhnHwTpRMAMJZCjug=="],

    "bun-types": ["bun-types@1.4.2", "", { "dependencies": { "@types/node": "*" } }, "sha512-bxV1FgK7yBIzjRe5zBozIM4Bem11ZJcCXSrjWRG3YWLt8yFDePu4cLjpebO8OvPeIE9trbyPF4fuj3Cia4Fj3w=="],

    "csstype": ["csstype@3.2.3", "", {}, "sha512-z1HGKcYy2xA8AGQfwrn0PAy+PB7X/GSj3UVJW9qKyn43xWa+gl5nXmU4qqLMRzWVLFC8KusUX8T/0kCiOYpAIQ=="],

    "drizzle-orm": ["drizzle-orm@0.38.4", "", { "peerDependencies": { "@aws-sdk/client-rds-data": ">=3", "@cloudflare/workers-types": ">=4", "@electric-sql/pglite": ">=0.2.0", "@libsql/client": ">=0.10.0", "@libsql/client-wasm": ">=0.10.0", "@neondatabase/serverless": ">=0.10.0", "@op-engineering/op-sqlite": ">=2", "@opentelemetry/api": "^1.4.1", "@planetscale/database": ">=1", "@prisma/client": "*", "@tidbcloud/serverless": "*", "@types/better-sqlite3": "*", "@types/pg": "*", "@types/react": ">=18", "@types/sql.js": "*", "@vercel/postgres": ">=0.8.0", "@xata.io/client": "*", "better-sqlite3": ">=7", "bun-types": "*", "expo-sqlite": ">=14.0.0", "knex": "*", "kysely": "*", "mysql2": ">=2", "pg": ">=8", "postgres": ">=3", "prisma": "*", "react": ">=18", "sql.js": ">=1", "sqlite3": ">=5" }, "optionalPeers": ["@aws-sdk/client-rds-data", "@cloudflare/workers-types", "@electric-sql/pglite", "@libsql/client", "@libsql/client-wasm", "@neondatabase/serverless", "@op-engineering/op-sqlite", "@opentelemetry/api", "@planetscale/database", "@prisma/client", "@tidbcloud/serverless", "@types/better-sqlite3", "@types/pg", "@types/react", "@types/sql.js", "@vercel/postgres", "@xata.io/client", "better-sqlite3", "bun-types", "expo-sqlite", "knex", "kysely", "mysql2", "pg", "postgres", "prisma", "react", "sql.js", "sqlite3"] }, "sha512-s7/5BpLKO+WJRHspvpqTydxFob8i1vo2rEx4pY6TGY7QSMuUfWUuzaY0DIpXCkgHOo37BaFC+SJQb99dDUXT3Q=="],

    "postgres": ["postgres@3.4.9", "", {}, "sha512-GD3qdB0x1z9xgFI6cdRD6xu2Sp2WCOEoe3mtnyB5Ee0XrrL5Pe+e4CCnJrRMnL1zYtRDZmQQVbvOttLnKDLnaw=="],

    "react": ["react@19.3.0", "", {}, "sha512-E8LUcbtBWt20bbl2YoHfx4ZDBdxVTfOKtCZn9cDSJ4l6/nuoApcpIBcj47t2wZoVX8g2ZHuMHbiShgCR1T5Sog=="],

    "react-dom": ["react-dom@19.3.0", "", { "dependencies": { "scheduler": "^0.28.0" }, "peerDependencies": { "react": "^19.3.0" } }, "sha512-JDk8dgif51OjFoDE70+OT9ICyYr+69HlmihNwp1+Nsfbna3t5sIiCa9ZJktDmQ4/1b/rn26hIAR2uYXDMr5r0Q=="],

    "scheduler": ["scheduler@0.28.0", "", {}, "sha512-juorfCmIkIw8tT+p5BXSm6PJjQF/ycEYmKyzURCIt/RaZIhL+PulbQ9Yu2z1HdOJDdqDTlxA1+xKBmHXJsczAw=="],

    "tailwindcss": ["tailwindcss@4.3.3", "", {}, "sha512-gOhV3P7ufE62QDGg1zVaTgCR+EtPv92k2nIhVcVKcLmxT1sUBsQGhnZj175j+MqRt4zLF7ic+sCYjfhxMxj7YQ=="],

    "tailwindcss-safe-area": ["tailwindcss-safe-area@1.3.0", "", { "peerDependencies": { "tailwindcss": "^4.0.0" } }, "sha512-RoxnW1zAjBWC3XK+row7Qj5toRMRlKNN/p3FLXb6fTGKxDGWT6JP/mcNX1yf09xRficQ308hbwiedgniepSp1Q=="],

    "typescript": ["typescript@5.9.3", "", { "bin": { "tsc": "bin/tsc", "tsserver": "bin/tsserver" } }, "sha512-jl1vZzPDinLr9eUt3J/t7V6FgNEw9QjvBPdysz9KfQDD41fQrC2Y4vKQdiaUpFT4bXlb1RHhLpp8wtm6M5TgSw=="],

    "undici-types": ["undici-types@8.9.0", "", {}, "sha512-KTDyRTYX8sWmKXAikPHHSyc63CRPETMctyjKFupcC6OBLXT3xsN0e9aF7m+mIXutFWpUXuedtowG7iLOzp0kQg=="],

    "zod": ["zod@3.25.76", "", {}, "sha512-gzUt/qt81nXsFGKIFcC3YnfEAx5NkunCfnDlvuBSSFS02bcXu4Lmea0AFIUwbLWxWPx3d9p8S5QoaujKcNQxcQ=="],

    "bun-plugin-tailwind/tailwindcss": ["tailwindcss@4.0.0-beta.9", "", {}, "sha512-96KpsfQi+/sFIOfyFnGzyy5pobuzf1iMBD9NVtelerPM/lPI2XUS4Kikw9yuKRniXXw77ov1sl7gCSKLsn6CJA=="],
  }
}
